// !$*UTF8*$!
{
	archiveVersion = 1;
	classes = {
	};
	objectVersion = 46;
	objects = {

/* Begin PBXBuildFile section */
		421D306518B4A3D80093CE28 /* Animation.m in Sources */ = {isa = PBXBuildFile; fileRef = 421D306418B4A3D80093CE28 /* Animation.m */; };
		421D306818B4A9070093CE28 /* HappyAnimation.m in Sources */ = {isa = PBXBuildFile; fileRef = 421D306718B4A9070093CE28 /* HappyAnimation.m */; };
		421D306F18B4AF440093CE28 /* a.png in Resources */ = {isa = PBXBuildFile; fileRef = 421D306918B4AF440093CE28 /* a.png */; };
		421D307018B4AF440093CE28 /* scull.png in Resources */ = {isa = PBXBuildFile; fileRef = 421D306A18B4AF440093CE28 /* scull.png */; };
		421D307118B4AF440093CE28 /* happy_smile.png in Resources */ = {isa = PBXBuildFile; fileRef = 421D306B18B4AF440093CE28 /* happy_smile.png */; };
		421D307218B4AF440093CE28 /* heart.png in Resources */ = {isa = PBXBuildFile; fileRef = 421D306C18B4AF440093CE28 /* heart.png */; };
		421D307318B4AF440093CE28 /* neutral_smile.png in Resources */ = {isa = PBXBuildFile; fileRef = 421D306D18B4AF440093CE28 /* neutral_smile.png */; };
		421D307418B4AF440093CE28 /* unhappy_smile.png in Resources */ = {isa = PBXBuildFile; fileRef = 421D306E18B4AF440093CE28 /* unhappy_smile.png */; };
		421D307618B4AFB50093CE28 /* abc.png in Resources */ = {isa = PBXBuildFile; fileRef = 421D307518B4AFB50093CE28 /* abc.png */; };
		426C23AF18B4E836009125EC /* GameKit.framework in Frameworks */ = {isa = PBXBuildFile; fileRef = 426C23AE18B4E836009125EC /* GameKit.framework */; };
		4279B5A318B217A300051796 /* Foundation.framework in Frameworks */ = {isa = PBXBuildFile; fileRef = 4279B5A218B217A300051796 /* Foundation.framework */; };
		4279B5A518B217A300051796 /* CoreGraphics.framework in Frameworks */ = {isa = PBXBuildFile; fileRef = 4279B5A418B217A300051796 /* CoreGraphics.framework */; };
		4279B5A718B217A300051796 /* UIKit.framework in Frameworks */ = {isa = PBXBuildFile; fileRef = 4279B5A618B217A300051796 /* UIKit.framework */; };
		4279B5AD18B217A300051796 /* InfoPlist.strings in Resources */ = {isa = PBXBuildFile; fileRef = 4279B5AB18B217A300051796 /* InfoPlist.strings */; };
		4279B5AF18B217A300051796 /* main.m in Sources */ = {isa = PBXBuildFile; fileRef = 4279B5AE18B217A300051796 /* main.m */; };
		4279B5B318B217A300051796 /* AppDelegate.m in Sources */ = {isa = PBXBuildFile; fileRef = 4279B5B218B217A300051796 /* AppDelegate.m */; };
		4279B5B618B217A300051796 /* Main_iPhone.storyboard in Resources */ = {isa = PBXBuildFile; fileRef = 4279B5B418B217A300051796 /* Main_iPhone.storyboard */; };
		4279B5B918B217A300051796 /* Main_iPad.storyboard in Resources */ = {isa = PBXBuildFile; fileRef = 4279B5B718B217A300051796 /* Main_iPad.storyboard */; };
		4279B5BE18B217A300051796 /* Images.xcassets in Resources */ = {isa = PBXBuildFile; fileRef = 4279B5BD18B217A300051796 /* Images.xcassets */; };
		4279B5C518B217A300051796 /* XCTest.framework in Frameworks */ = {isa = PBXBuildFile; fileRef = 4279B5C418B217A300051796 /* XCTest.framework */; };
		4279B5C618B217A300051796 /* Foundation.framework in Frameworks */ = {isa = PBXBuildFile; fileRef = 4279B5A218B217A300051796 /* Foundation.framework */; };
		4279B5C718B217A300051796 /* UIKit.framework in Frameworks */ = {isa = PBXBuildFile; fileRef = 4279B5A618B217A300051796 /* UIKit.framework */; };
		4279B5CF18B217A300051796 /* InfoPlist.strings in Resources */ = {isa = PBXBuildFile; fileRef = 4279B5CD18B217A300051796 /* InfoPlist.strings */; };
		4279B5D118B217A300051796 /* LAttegotchiTests.m in Sources */ = {isa = PBXBuildFile; fileRef = 4279B5D018B217A300051796 /* LAttegotchiTests.m */; };
		429A8BD718B3649A00A1DF52 /* DotImageView.m in Sources */ = {isa = PBXBuildFile; fileRef = 429A8BD618B3649A00A1DF52 /* DotImageView.m */; };
		42A7586218B2748A00ECC5ED /* ViewController.m in Sources */ = {isa = PBXBuildFile; fileRef = 42A7586018B2748A00ECC5ED /* ViewController.m */; };
		42A7586618B2749F00ECC5ED /* TableViewController.m in Sources */ = {isa = PBXBuildFile; fileRef = 42A7586418B2749F00ECC5ED /* TableViewController.m */; };
		42F729E618B2395300F15B1F /* Player.m in Sources */ = {isa = PBXBuildFile; fileRef = 42F729E518B2395300F15B1F /* Player.m */; };
		42F729E918B2397500F15B1F /* LAttegotchi.m in Sources */ = {isa = PBXBuildFile; fileRef = 42F729E818B2397500F15B1F /* LAttegotchi.m */; };
		42F729EC18B2398F00F15B1F /* Wish.m in Sources */ = {isa = PBXBuildFile; fileRef = 42F729EB18B2398F00F15B1F /* Wish.m */; };
		42F729EF18B239A700F15B1F /* Item.m in Sources */ = {isa = PBXBuildFile; fileRef = 42F729EE18B239A700F15B1F /* Item.m */; };
		5917D83B18B4EBA300401ED0 /* WishFactory.m in Sources */ = {isa = PBXBuildFile; fileRef = 5917D83A18B4EBA300401ED0 /* WishFactory.m */; };
		5917D83E18B4EBB900401ED0 /* ItemWish.m in Sources */ = {isa = PBXBuildFile; fileRef = 5917D83D18B4EBB900401ED0 /* ItemWish.m */; };
		59EFA44E18B36D4B00343C13 /* tamatama_nomal1.png in Resources */ = {isa = PBXBuildFile; fileRef = 59EFA44A18B36D4B00343C13 /* tamatama_nomal1.png */; };
		59EFA44F18B36D4B00343C13 /* tamatama_nomal2.png in Resources */ = {isa = PBXBuildFile; fileRef = 59EFA44B18B36D4B00343C13 /* tamatama_nomal2.png */; };
		59EFA45018B36D4B00343C13 /* tamatama_nomal3.png in Resources */ = {isa = PBXBuildFile; fileRef = 59EFA44C18B36D4B00343C13 /* tamatama_nomal3.png */; };
		59EFA45118B36D4B00343C13 /* tamatama_nomal4.png in Resources */ = {isa = PBXBuildFile; fileRef = 59EFA44D18B36D4B00343C13 /* tamatama_nomal4.png */; };
		9661654C18B39BA70018B3C1 /* GPSWish.m in Sources */ = {isa = PBXBuildFile; fileRef = 9661654B18B39BA70018B3C1 /* GPSWish.m */; };
		96679CD218B3B649004C2E51 /* PushWish.m in Sources */ = {isa = PBXBuildFile; fileRef = 96679CD118B3B649004C2E51 /* PushWish.m */; };
		96CF23F818B35644005D3CEB /* InitModelViewController.m in Sources */ = {isa = PBXBuildFile; fileRef = 96CF23F618B35644005D3CEB /* InitModelViewController.m */; };
		96CF23F918B35644005D3CEB /* InitModelViewController.xib in Resources */ = {isa = PBXBuildFile; fileRef = 96CF23F718B35644005D3CEB /* InitModelViewController.xib */; };
		96CF23FB18B3B586005D3CEB /* data.plist in Resources */ = {isa = PBXBuildFile; fileRef = 96CF23FA18B3B586005D3CEB /* data.plist */; };
		96E364D018B4C82A00E65884 /* MysteryMathWish.m in Sources */ = {isa = PBXBuildFile; fileRef = 96E364CF18B4C82A00E65884 /* MysteryMathWish.m */; };
		96E364D318B4C85A00E65884 /* MysteryLetterWish.m in Sources */ = {isa = PBXBuildFile; fileRef = 96E364D218B4C85A00E65884 /* MysteryLetterWish.m */; };
		96E364D618B5004D00E65884 /* ShakeWish.m in Sources */ = {isa = PBXBuildFile; fileRef = 96E364D518B5004D00E65884 /* ShakeWish.m */; };
/* End PBXBuildFile section */

/* Begin PBXContainerItemProxy section */
		4279B5C818B217A300051796 /* PBXContainerItemProxy */ = {
			isa = PBXContainerItemProxy;
			containerPortal = 4279B59718B217A300051796 /* Project object */;
			proxyType = 1;
			remoteGlobalIDString = 4279B59E18B217A300051796;
			remoteInfo = LAttegotchi;
		};
/* End PBXContainerItemProxy section */

/* Begin PBXFileReference section */
		421D306318B4A3D80093CE28 /* Animation.h */ = {isa = PBXFileReference; fileEncoding = 4; lastKnownFileType = sourcecode.c.h; name = Animation.h; path = Animations/Animation.h; sourceTree = "<group>"; };
		421D306418B4A3D80093CE28 /* Animation.m */ = {isa = PBXFileReference; fileEncoding = 4; lastKnownFileType = sourcecode.c.objc; name = Animation.m; path = Animations/Animation.m; sourceTree = "<group>"; };
		421D306618B4A9070093CE28 /* HappyAnimation.h */ = {isa = PBXFileReference; fileEncoding = 4; lastKnownFileType = sourcecode.c.h; name = HappyAnimation.h; path = Animations/HappyAnimation.h; sourceTree = "<group>"; };
		421D306718B4A9070093CE28 /* HappyAnimation.m */ = {isa = PBXFileReference; fileEncoding = 4; lastKnownFileType = sourcecode.c.objc; name = HappyAnimation.m; path = Animations/HappyAnimation.m; sourceTree = "<group>"; };
		421D306918B4AF440093CE28 /* a.png */ = {isa = PBXFileReference; lastKnownFileType = image.png; name = a.png; path = Resources/a.png; sourceTree = "<group>"; };
		421D306A18B4AF440093CE28 /* scull.png */ = {isa = PBXFileReference; lastKnownFileType = image.png; name = scull.png; path = Resources/scull.png; sourceTree = "<group>"; };
		421D306B18B4AF440093CE28 /* happy_smile.png */ = {isa = PBXFileReference; lastKnownFileType = image.png; name = happy_smile.png; path = Resources/happy_smile.png; sourceTree = "<group>"; };
		421D306C18B4AF440093CE28 /* heart.png */ = {isa = PBXFileReference; lastKnownFileType = image.png; name = heart.png; path = Resources/heart.png; sourceTree = "<group>"; };
		421D306D18B4AF440093CE28 /* neutral_smile.png */ = {isa = PBXFileReference; lastKnownFileType = image.png; name = neutral_smile.png; path = Resources/neutral_smile.png; sourceTree = "<group>"; };
		421D306E18B4AF440093CE28 /* unhappy_smile.png */ = {isa = PBXFileReference; lastKnownFileType = image.png; name = unhappy_smile.png; path = Resources/unhappy_smile.png; sourceTree = "<group>"; };
		421D307518B4AFB50093CE28 /* abc.png */ = {isa = PBXFileReference; lastKnownFileType = image.png; name = abc.png; path = Resources/abc.png; sourceTree = "<group>"; };
		426C23AE18B4E836009125EC /* GameKit.framework */ = {isa = PBXFileReference; lastKnownFileType = wrapper.framework; name = GameKit.framework; path = System/Library/Frameworks/GameKit.framework; sourceTree = SDKROOT; };
		4279B59F18B217A300051796 /* LAttegotchi.app */ = {isa = PBXFileReference; explicitFileType = wrapper.application; includeInIndex = 0; path = LAttegotchi.app; sourceTree = BUILT_PRODUCTS_DIR; };
		4279B5A218B217A300051796 /* Foundation.framework */ = {isa = PBXFileReference; lastKnownFileType = wrapper.framework; name = Foundation.framework; path = System/Library/Frameworks/Foundation.framework; sourceTree = SDKROOT; };
		4279B5A418B217A300051796 /* CoreGraphics.framework */ = {isa = PBXFileReference; lastKnownFileType = wrapper.framework; name = CoreGraphics.framework; path = System/Library/Frameworks/CoreGraphics.framework; sourceTree = SDKROOT; };
		4279B5A618B217A300051796 /* UIKit.framework */ = {isa = PBXFileReference; lastKnownFileType = wrapper.framework; name = UIKit.framework; path = System/Library/Frameworks/UIKit.framework; sourceTree = SDKROOT; };
		4279B5AA18B217A300051796 /* LAttegotchi-Info.plist */ = {isa = PBXFileReference; lastKnownFileType = text.plist.xml; path = "LAttegotchi-Info.plist"; sourceTree = "<group>"; };
		4279B5AC18B217A300051796 /* en */ = {isa = PBXFileReference; lastKnownFileType = text.plist.strings; name = en; path = en.lproj/InfoPlist.strings; sourceTree = "<group>"; };
		4279B5AE18B217A300051796 /* main.m */ = {isa = PBXFileReference; lastKnownFileType = sourcecode.c.objc; path = main.m; sourceTree = "<group>"; };
		4279B5B018B217A300051796 /* LAttegotchi-Prefix.pch */ = {isa = PBXFileReference; lastKnownFileType = sourcecode.c.h; path = "LAttegotchi-Prefix.pch"; sourceTree = "<group>"; };
		4279B5B118B217A300051796 /* AppDelegate.h */ = {isa = PBXFileReference; lastKnownFileType = sourcecode.c.h; path = AppDelegate.h; sourceTree = "<group>"; };
		4279B5B218B217A300051796 /* AppDelegate.m */ = {isa = PBXFileReference; lastKnownFileType = sourcecode.c.objc; path = AppDelegate.m; sourceTree = "<group>"; };
		4279B5B518B217A300051796 /* Base */ = {isa = PBXFileReference; lastKnownFileType = file.storyboard; name = Base; path = Base.lproj/Main_iPhone.storyboard; sourceTree = "<group>"; };
		4279B5B818B217A300051796 /* Base */ = {isa = PBXFileReference; lastKnownFileType = file.storyboard; name = Base; path = Base.lproj/Main_iPad.storyboard; sourceTree = "<group>"; };
		4279B5BD18B217A300051796 /* Images.xcassets */ = {isa = PBXFileReference; lastKnownFileType = folder.assetcatalog; path = Images.xcassets; sourceTree = "<group>"; };
		4279B5C318B217A300051796 /* LAttegotchiTests.xctest */ = {isa = PBXFileReference; explicitFileType = wrapper.cfbundle; includeInIndex = 0; path = LAttegotchiTests.xctest; sourceTree = BUILT_PRODUCTS_DIR; };
		4279B5C418B217A300051796 /* XCTest.framework */ = {isa = PBXFileReference; lastKnownFileType = wrapper.framework; name = XCTest.framework; path = Library/Frameworks/XCTest.framework; sourceTree = DEVELOPER_DIR; };
		4279B5CC18B217A300051796 /* LAttegotchiTests-Info.plist */ = {isa = PBXFileReference; lastKnownFileType = text.plist.xml; path = "LAttegotchiTests-Info.plist"; sourceTree = "<group>"; };
		4279B5CE18B217A300051796 /* en */ = {isa = PBXFileReference; lastKnownFileType = text.plist.strings; name = en; path = en.lproj/InfoPlist.strings; sourceTree = "<group>"; };
		4279B5D018B217A300051796 /* LAttegotchiTests.m */ = {isa = PBXFileReference; lastKnownFileType = sourcecode.c.objc; path = LAttegotchiTests.m; sourceTree = "<group>"; };
		429A8BCF18B3568000A1DF52 /* ListItem.h */ = {isa = PBXFileReference; fileEncoding = 4; lastKnownFileType = sourcecode.c.h; name = ListItem.h; path = Model/ListItem.h; sourceTree = "<group>"; };
		429A8BD518B3649A00A1DF52 /* DotImageView.h */ = {isa = PBXFileReference; fileEncoding = 4; lastKnownFileType = sourcecode.c.h; name = DotImageView.h; path = Views/DotImageView.h; sourceTree = "<group>"; };
		429A8BD618B3649A00A1DF52 /* DotImageView.m */ = {isa = PBXFileReference; fileEncoding = 4; lastKnownFileType = sourcecode.c.objc; name = DotImageView.m; path = Views/DotImageView.m; sourceTree = "<group>"; };
		42A7586018B2748A00ECC5ED /* ViewController.m */ = {isa = PBXFileReference; fileEncoding = 4; lastKnownFileType = sourcecode.c.objc; name = ViewController.m; path = Controller/ViewController.m; sourceTree = "<group>"; };
		42A7586118B2748A00ECC5ED /* ViewController.h */ = {isa = PBXFileReference; fileEncoding = 4; lastKnownFileType = sourcecode.c.h; name = ViewController.h; path = Controller/ViewController.h; sourceTree = "<group>"; };
		42A7586318B2749F00ECC5ED /* TableViewController.h */ = {isa = PBXFileReference; fileEncoding = 4; lastKnownFileType = sourcecode.c.h; name = TableViewController.h; path = Controller/TableViewController.h; sourceTree = "<group>"; };
		42A7586418B2749F00ECC5ED /* TableViewController.m */ = {isa = PBXFileReference; fileEncoding = 4; lastKnownFileType = sourcecode.c.objc; name = TableViewController.m; path = Controller/TableViewController.m; sourceTree = "<group>"; };
		42F729E418B2395300F15B1F /* Player.h */ = {isa = PBXFileReference; fileEncoding = 4; lastKnownFileType = sourcecode.c.h; name = Player.h; path = Model/Player.h; sourceTree = "<group>"; };
		42F729E518B2395300F15B1F /* Player.m */ = {isa = PBXFileReference; fileEncoding = 4; lastKnownFileType = sourcecode.c.objc; name = Player.m; path = Model/Player.m; sourceTree = "<group>"; };
		42F729E718B2397500F15B1F /* LAttegotchi.h */ = {isa = PBXFileReference; fileEncoding = 4; lastKnownFileType = sourcecode.c.h; name = LAttegotchi.h; path = Model/LAttegotchi.h; sourceTree = "<group>"; };
		42F729E818B2397500F15B1F /* LAttegotchi.m */ = {isa = PBXFileReference; fileEncoding = 4; lastKnownFileType = sourcecode.c.objc; name = LAttegotchi.m; path = Model/LAttegotchi.m; sourceTree = "<group>"; };
		42F729EA18B2398F00F15B1F /* Wish.h */ = {isa = PBXFileReference; fileEncoding = 4; lastKnownFileType = sourcecode.c.h; name = Wish.h; path = Model/Wish.h; sourceTree = "<group>"; };
		42F729EB18B2398F00F15B1F /* Wish.m */ = {isa = PBXFileReference; fileEncoding = 4; lastKnownFileType = sourcecode.c.objc; name = Wish.m; path = Model/Wish.m; sourceTree = "<group>"; };
		42F729ED18B239A700F15B1F /* Item.h */ = {isa = PBXFileReference; fileEncoding = 4; lastKnownFileType = sourcecode.c.h; name = Item.h; path = Model/Item.h; sourceTree = "<group>"; };
		42F729EE18B239A700F15B1F /* Item.m */ = {isa = PBXFileReference; fileEncoding = 4; lastKnownFileType = sourcecode.c.objc; name = Item.m; path = Model/Item.m; sourceTree = "<group>"; };
		5917D83918B4EBA300401ED0 /* WishFactory.h */ = {isa = PBXFileReference; fileEncoding = 4; lastKnownFileType = sourcecode.c.h; name = WishFactory.h; path = Wishes/WishFactory.h; sourceTree = "<group>"; };
		5917D83A18B4EBA300401ED0 /* WishFactory.m */ = {isa = PBXFileReference; fileEncoding = 4; lastKnownFileType = sourcecode.c.objc; name = WishFactory.m; path = Wishes/WishFactory.m; sourceTree = "<group>"; };
		5917D83C18B4EBB900401ED0 /* ItemWish.h */ = {isa = PBXFileReference; fileEncoding = 4; lastKnownFileType = sourcecode.c.h; path = ItemWish.h; sourceTree = "<group>"; };
		5917D83D18B4EBB900401ED0 /* ItemWish.m */ = {isa = PBXFileReference; fileEncoding = 4; lastKnownFileType = sourcecode.c.objc; path = ItemWish.m; sourceTree = "<group>"; };
		59EFA44A18B36D4B00343C13 /* tamatama_nomal1.png */ = {isa = PBXFileReference; lastKnownFileType = image.png; name = tamatama_nomal1.png; path = Resources/tamatama_nomal1.png; sourceTree = "<group>"; };
		59EFA44B18B36D4B00343C13 /* tamatama_nomal2.png */ = {isa = PBXFileReference; lastKnownFileType = image.png; name = tamatama_nomal2.png; path = Resources/tamatama_nomal2.png; sourceTree = "<group>"; };
		59EFA44C18B36D4B00343C13 /* tamatama_nomal3.png */ = {isa = PBXFileReference; lastKnownFileType = image.png; name = tamatama_nomal3.png; path = Resources/tamatama_nomal3.png; sourceTree = "<group>"; };
		59EFA44D18B36D4B00343C13 /* tamatama_nomal4.png */ = {isa = PBXFileReference; lastKnownFileType = image.png; name = tamatama_nomal4.png; path = Resources/tamatama_nomal4.png; sourceTree = "<group>"; };
		9661654A18B39BA70018B3C1 /* GPSWish.h */ = {isa = PBXFileReference; fileEncoding = 4; lastKnownFileType = sourcecode.c.h; name = GPSWish.h; path = Wishes/GPSWish.h; sourceTree = "<group>"; };
		9661654B18B39BA70018B3C1 /* GPSWish.m */ = {isa = PBXFileReference; fileEncoding = 4; lastKnownFileType = sourcecode.c.objc; name = GPSWish.m; path = Wishes/GPSWish.m; sourceTree = "<group>"; };
		96679CD018B3B649004C2E51 /* PushWish.h */ = {isa = PBXFileReference; fileEncoding = 4; lastKnownFileType = sourcecode.c.h; name = PushWish.h; path = Wishes/PushWish.h; sourceTree = "<group>"; };
		96679CD118B3B649004C2E51 /* PushWish.m */ = {isa = PBXFileReference; fileEncoding = 4; lastKnownFileType = sourcecode.c.objc; name = PushWish.m; path = Wishes/PushWish.m; sourceTree = "<group>"; };
		96CF23F518B35644005D3CEB /* InitModelViewController.h */ = {isa = PBXFileReference; fileEncoding = 4; lastKnownFileType = sourcecode.c.h; path = InitModelViewController.h; sourceTree = "<group>"; };
		96CF23F618B35644005D3CEB /* InitModelViewController.m */ = {isa = PBXFileReference; fileEncoding = 4; lastKnownFileType = sourcecode.c.objc; path = InitModelViewController.m; sourceTree = "<group>"; };
		96CF23F718B35644005D3CEB /* InitModelViewController.xib */ = {isa = PBXFileReference; fileEncoding = 4; lastKnownFileType = file.xib; path = InitModelViewController.xib; sourceTree = "<group>"; };
		96CF23FA18B3B586005D3CEB /* data.plist */ = {isa = PBXFileReference; fileEncoding = 4; lastKnownFileType = text.plist.xml; path = data.plist; sourceTree = "<group>"; };
		96E364CE18B4C82A00E65884 /* MysteryMathWish.h */ = {isa = PBXFileReference; fileEncoding = 4; lastKnownFileType = sourcecode.c.h; name = MysteryMathWish.h; path = Wishes/MysteryMathWish.h; sourceTree = "<group>"; };
		96E364CF18B4C82A00E65884 /* MysteryMathWish.m */ = {isa = PBXFileReference; fileEncoding = 4; lastKnownFileType = sourcecode.c.objc; name = MysteryMathWish.m; path = Wishes/MysteryMathWish.m; sourceTree = "<group>"; };
		96E364D118B4C85A00E65884 /* MysteryLetterWish.h */ = {isa = PBXFileReference; fileEncoding = 4; lastKnownFileType = sourcecode.c.h; name = MysteryLetterWish.h; path = Wishes/MysteryLetterWish.h; sourceTree = "<group>"; };
		96E364D218B4C85A00E65884 /* MysteryLetterWish.m */ = {isa = PBXFileReference; fileEncoding = 4; lastKnownFileType = sourcecode.c.objc; name = MysteryLetterWish.m; path = Wishes/MysteryLetterWish.m; sourceTree = "<group>"; };
		96E364D418B5004D00E65884 /* ShakeWish.h */ = {isa = PBXFileReference; fileEncoding = 4; lastKnownFileType = sourcecode.c.h; name = ShakeWish.h; path = Wishes/ShakeWish.h; sourceTree = "<group>"; };
		96E364D518B5004D00E65884 /* ShakeWish.m */ = {isa = PBXFileReference; fileEncoding = 4; lastKnownFileType = sourcecode.c.objc; name = ShakeWish.m; path = Wishes/ShakeWish.m; sourceTree = "<group>"; };
/* End PBXFileReference section */

/* Begin PBXFrameworksBuildPhase section */
		4279B59C18B217A300051796 /* Frameworks */ = {
			isa = PBXFrameworksBuildPhase;
			buildActionMask = 2147483647;
			files = (
				4279B5A518B217A300051796 /* CoreGraphics.framework in Frameworks */,
				4279B5A718B217A300051796 /* UIKit.framework in Frameworks */,
				4279B5A318B217A300051796 /* Foundation.framework in Frameworks */,
				426C23AF18B4E836009125EC /* GameKit.framework in Frameworks */,
			);
			runOnlyForDeploymentPostprocessing = 0;
		};
		4279B5C018B217A300051796 /* Frameworks */ = {
			isa = PBXFrameworksBuildPhase;
			buildActionMask = 2147483647;
			files = (
				4279B5C518B217A300051796 /* XCTest.framework in Frameworks */,
				4279B5C718B217A300051796 /* UIKit.framework in Frameworks */,
				4279B5C618B217A300051796 /* Foundation.framework in Frameworks */,
			);
			runOnlyForDeploymentPostprocessing = 0;
		};
/* End PBXFrameworksBuildPhase section */

/* Begin PBXGroup section */
		421D306218B4A2F90093CE28 /* Animation */ = {
			isa = PBXGroup;
			children = (
				421D306318B4A3D80093CE28 /* Animation.h */,
				421D306418B4A3D80093CE28 /* Animation.m */,
				421D306618B4A9070093CE28 /* HappyAnimation.h */,
				421D306718B4A9070093CE28 /* HappyAnimation.m */,
			);
			name = Animation;
			sourceTree = "<group>";
		};
		4279B59618B217A300051796 = {
			isa = PBXGroup;
			children = (
				4279B5A818B217A300051796 /* LAttegotchi */,
				4279B5CA18B217A300051796 /* LAttegotchiTests */,
				4279B5A118B217A300051796 /* Frameworks */,
				4279B5A018B217A300051796 /* Products */,
			);
			sourceTree = "<group>";
		};
		4279B5A018B217A300051796 /* Products */ = {
			isa = PBXGroup;
			children = (
				4279B59F18B217A300051796 /* LAttegotchi.app */,
				4279B5C318B217A300051796 /* LAttegotchiTests.xctest */,
			);
			name = Products;
			sourceTree = "<group>";
		};
		4279B5A118B217A300051796 /* Frameworks */ = {
			isa = PBXGroup;
			children = (
				426C23AE18B4E836009125EC /* GameKit.framework */,
				4279B5A218B217A300051796 /* Foundation.framework */,
				4279B5A418B217A300051796 /* CoreGraphics.framework */,
				4279B5A618B217A300051796 /* UIKit.framework */,
				4279B5C418B217A300051796 /* XCTest.framework */,
			);
			name = Frameworks;
			sourceTree = "<group>";
		};
		4279B5A818B217A300051796 /* LAttegotchi */ = {
			isa = PBXGroup;
			children = (
				421D306218B4A2F90093CE28 /* Animation */,
				9661654D18B39C0E0018B3C1 /* Wishes */,
				429A8BD418B3642D00A1DF52 /* Views */,
				59EFA44318B2589200343C13 /* Controller */,
				42F729E318B238C600F15B1F /* Model */,
				4279B5B118B217A300051796 /* AppDelegate.h */,
				4279B5B218B217A300051796 /* AppDelegate.m */,
				4279B5B418B217A300051796 /* Main_iPhone.storyboard */,
				4279B5B718B217A300051796 /* Main_iPad.storyboard */,
				4279B5BD18B217A300051796 /* Images.xcassets */,
				429A8BD218B35EED00A1DF52 /* Resources */,
				4279B5A918B217A300051796 /* Supporting Files */,
			);
			path = LAttegotchi;
			sourceTree = "<group>";
		};
		4279B5A918B217A300051796 /* Supporting Files */ = {
			isa = PBXGroup;
			children = (
				4279B5AA18B217A300051796 /* LAttegotchi-Info.plist */,
				4279B5AB18B217A300051796 /* InfoPlist.strings */,
				4279B5AE18B217A300051796 /* main.m */,
				4279B5B018B217A300051796 /* LAttegotchi-Prefix.pch */,
			);
			name = "Supporting Files";
			sourceTree = "<group>";
		};
		4279B5CA18B217A300051796 /* LAttegotchiTests */ = {
			isa = PBXGroup;
			children = (
				4279B5D018B217A300051796 /* LAttegotchiTests.m */,
				4279B5CB18B217A300051796 /* Supporting Files */,
			);
			path = LAttegotchiTests;
			sourceTree = "<group>";
		};
		4279B5CB18B217A300051796 /* Supporting Files */ = {
			isa = PBXGroup;
			children = (
				4279B5CC18B217A300051796 /* LAttegotchiTests-Info.plist */,
				4279B5CD18B217A300051796 /* InfoPlist.strings */,
			);
			name = "Supporting Files";
			sourceTree = "<group>";
		};
		429A8BD218B35EED00A1DF52 /* Resources */ = {
			isa = PBXGroup;
			children = (
				421D307518B4AFB50093CE28 /* abc.png */,
				421D306918B4AF440093CE28 /* a.png */,
				421D306A18B4AF440093CE28 /* scull.png */,
				421D306B18B4AF440093CE28 /* happy_smile.png */,
				421D306C18B4AF440093CE28 /* heart.png */,
				421D306D18B4AF440093CE28 /* neutral_smile.png */,
				421D306E18B4AF440093CE28 /* unhappy_smile.png */,
				59EFA44A18B36D4B00343C13 /* tamatama_nomal1.png */,
				59EFA44B18B36D4B00343C13 /* tamatama_nomal2.png */,
				59EFA44C18B36D4B00343C13 /* tamatama_nomal3.png */,
				59EFA44D18B36D4B00343C13 /* tamatama_nomal4.png */,
				96CF23FA18B3B586005D3CEB /* data.plist */,
			);
			name = Resources;
			sourceTree = "<group>";
		};
		429A8BD418B3642D00A1DF52 /* Views */ = {
			isa = PBXGroup;
			children = (
				429A8BD518B3649A00A1DF52 /* DotImageView.h */,
				429A8BD618B3649A00A1DF52 /* DotImageView.m */,
			);
			name = Views;
			sourceTree = "<group>";
		};
		42F729E318B238C600F15B1F /* Model */ = {
			isa = PBXGroup;
			children = (
				42F729E418B2395300F15B1F /* Player.h */,
				42F729E518B2395300F15B1F /* Player.m */,
				42F729E718B2397500F15B1F /* LAttegotchi.h */,
				42F729E818B2397500F15B1F /* LAttegotchi.m */,
				42F729EA18B2398F00F15B1F /* Wish.h */,
				42F729EB18B2398F00F15B1F /* Wish.m */,
				42F729ED18B239A700F15B1F /* Item.h */,
				42F729EE18B239A700F15B1F /* Item.m */,
				429A8BCF18B3568000A1DF52 /* ListItem.h */,
			);
			name = Model;
			sourceTree = "<group>";
		};
		59EFA44318B2589200343C13 /* Controller */ = {
			isa = PBXGroup;
			children = (
				42A7586118B2748A00ECC5ED /* ViewController.h */,
				42A7586018B2748A00ECC5ED /* ViewController.m */,
				42A7586318B2749F00ECC5ED /* TableViewController.h */,
				42A7586418B2749F00ECC5ED /* TableViewController.m */,
				96CF23F518B35644005D3CEB /* InitModelViewController.h */,
				96CF23F618B35644005D3CEB /* InitModelViewController.m */,
				96CF23F718B35644005D3CEB /* InitModelViewController.xib */,
			);
			name = Controller;
			sourceTree = "<group>";
		};
		9661654D18B39C0E0018B3C1 /* Wishes */ = {
			isa = PBXGroup;
			children = (
				5917D83C18B4EBB900401ED0 /* ItemWish.h */,
				5917D83D18B4EBB900401ED0 /* ItemWish.m */,
				5917D83918B4EBA300401ED0 /* WishFactory.h */,
				5917D83A18B4EBA300401ED0 /* WishFactory.m */,
				9661654A18B39BA70018B3C1 /* GPSWish.h */,
				9661654B18B39BA70018B3C1 /* GPSWish.m */,
				96E364CE18B4C82A00E65884 /* MysteryMathWish.h */,
				96E364CF18B4C82A00E65884 /* MysteryMathWish.m */,
				96679CD018B3B649004C2E51 /* PushWish.h */,
				96679CD118B3B649004C2E51 /* PushWish.m */,
				96E364D118B4C85A00E65884 /* MysteryLetterWish.h */,
				96E364D218B4C85A00E65884 /* MysteryLetterWish.m */,
				96E364D418B5004D00E65884 /* ShakeWish.h */,
				96E364D518B5004D00E65884 /* ShakeWish.m */,
			);
			name = Wishes;
			sourceTree = "<group>";
		};
/* End PBXGroup section */

/* Begin PBXNativeTarget section */
		4279B59E18B217A300051796 /* LAttegotchi */ = {
			isa = PBXNativeTarget;
			buildConfigurationList = 4279B5D418B217A300051796 /* Build configuration list for PBXNativeTarget "LAttegotchi" */;
			buildPhases = (
				4279B59B18B217A300051796 /* Sources */,
				4279B59C18B217A300051796 /* Frameworks */,
				4279B59D18B217A300051796 /* Resources */,
			);
			buildRules = (
			);
			dependencies = (
			);
			name = LAttegotchi;
			productName = LAttegotchi;
			productReference = 4279B59F18B217A300051796 /* LAttegotchi.app */;
			productType = "com.apple.product-type.application";
		};
		4279B5C218B217A300051796 /* LAttegotchiTests */ = {
			isa = PBXNativeTarget;
			buildConfigurationList = 4279B5D718B217A300051796 /* Build configuration list for PBXNativeTarget "LAttegotchiTests" */;
			buildPhases = (
				4279B5BF18B217A300051796 /* Sources */,
				4279B5C018B217A300051796 /* Frameworks */,
				4279B5C118B217A300051796 /* Resources */,
			);
			buildRules = (
			);
			dependencies = (
				4279B5C918B217A300051796 /* PBXTargetDependency */,
			);
			name = LAttegotchiTests;
			productName = LAttegotchiTests;
			productReference = 4279B5C318B217A300051796 /* LAttegotchiTests.xctest */;
			productType = "com.apple.product-type.bundle.unit-test";
		};
/* End PBXNativeTarget section */

/* Begin PBXProject section */
		4279B59718B217A300051796 /* Project object */ = {
			isa = PBXProject;
			attributes = {
				LastUpgradeCheck = 0500;
				ORGANIZATIONNAME = "Alex Jahl";
				TargetAttributes = {
					4279B59E18B217A300051796 = {
						SystemCapabilities = {
							com.apple.GameCenter = {
								enabled = 1;
							};
						};
					};
					4279B5C218B217A300051796 = {
						TestTargetID = 4279B59E18B217A300051796;
					};
				};
			};
			buildConfigurationList = 4279B59A18B217A300051796 /* Build configuration list for PBXProject "LAttegotchi" */;
			compatibilityVersion = "Xcode 3.2";
			developmentRegion = English;
			hasScannedForEncodings = 0;
			knownRegions = (
				en,
				Base,
			);
			mainGroup = 4279B59618B217A300051796;
			productRefGroup = 4279B5A018B217A300051796 /* Products */;
			projectDirPath = "";
			projectRoot = "";
			targets = (
				4279B59E18B217A300051796 /* LAttegotchi */,
				4279B5C218B217A300051796 /* LAttegotchiTests */,
			);
		};
/* End PBXProject section */

/* Begin PBXResourcesBuildPhase section */
		4279B59D18B217A300051796 /* Resources */ = {
			isa = PBXResourcesBuildPhase;
			buildActionMask = 2147483647;
			files = (
				59EFA45018B36D4B00343C13 /* tamatama_nomal3.png in Resources */,
				96CF23FB18B3B586005D3CEB /* data.plist in Resources */,
				59EFA44F18B36D4B00343C13 /* tamatama_nomal2.png in Resources */,
				59EFA44E18B36D4B00343C13 /* tamatama_nomal1.png in Resources */,
				4279B5B918B217A300051796 /* Main_iPad.storyboard in Resources */,
				4279B5BE18B217A300051796 /* Images.xcassets in Resources */,
				421D307018B4AF440093CE28 /* scull.png in Resources */,
				421D307218B4AF440093CE28 /* heart.png in Resources */,
				421D307318B4AF440093CE28 /* neutral_smile.png in Resources */,
				4279B5B618B217A300051796 /* Main_iPhone.storyboard in Resources */,
				59EFA45118B36D4B00343C13 /* tamatama_nomal4.png in Resources */,
				421D307118B4AF440093CE28 /* happy_smile.png in Resources */,
				421D307618B4AFB50093CE28 /* abc.png in Resources */,
				96CF23F918B35644005D3CEB /* InitModelViewController.xib in Resources */,
				421D306F18B4AF440093CE28 /* a.png in Resources */,
				4279B5AD18B217A300051796 /* InfoPlist.strings in Resources */,
				421D307418B4AF440093CE28 /* unhappy_smile.png in Resources */,
			);
			runOnlyForDeploymentPostprocessing = 0;
		};
		4279B5C118B217A300051796 /* Resources */ = {
			isa = PBXResourcesBuildPhase;
			buildActionMask = 2147483647;
			files = (
				4279B5CF18B217A300051796 /* InfoPlist.strings in Resources */,
			);
			runOnlyForDeploymentPostprocessing = 0;
		};
/* End PBXResourcesBuildPhase section */

/* Begin PBXSourcesBuildPhase section */
		4279B59B18B217A300051796 /* Sources */ = {
			isa = PBXSourcesBuildPhase;
			buildActionMask = 2147483647;
			files = (
				96679CD218B3B649004C2E51 /* PushWish.m in Sources */,
				421D306818B4A9070093CE28 /* HappyAnimation.m in Sources */,
				96CF23F818B35644005D3CEB /* InitModelViewController.m in Sources */,
				5917D83B18B4EBA300401ED0 /* WishFactory.m in Sources */,
				421D306518B4A3D80093CE28 /* Animation.m in Sources */,
				42A7586218B2748A00ECC5ED /* ViewController.m in Sources */,
				42F729E618B2395300F15B1F /* Player.m in Sources */,
				96E364D318B4C85A00E65884 /* MysteryLetterWish.m in Sources */,
				42F729EC18B2398F00F15B1F /* Wish.m in Sources */,
				42F729E918B2397500F15B1F /* LAttegotchi.m in Sources */,
				429A8BD718B3649A00A1DF52 /* DotImageView.m in Sources */,
				4279B5B318B217A300051796 /* AppDelegate.m in Sources */,
				96E364D018B4C82A00E65884 /* MysteryMathWish.m in Sources */,
				42F729EF18B239A700F15B1F /* Item.m in Sources */,
				96E364D618B5004D00E65884 /* ShakeWish.m in Sources */,
				4279B5AF18B217A300051796 /* main.m in Sources */,
				5917D83E18B4EBB900401ED0 /* ItemWish.m in Sources */,
				42A7586618B2749F00ECC5ED /* TableViewController.m in Sources */,
				9661654C18B39BA70018B3C1 /* GPSWish.m in Sources */,
			);
			runOnlyForDeploymentPostprocessing = 0;
		};
		4279B5BF18B217A300051796 /* Sources */ = {
			isa = PBXSourcesBuildPhase;
			buildActionMask = 2147483647;
			files = (
				4279B5D118B217A300051796 /* LAttegotchiTests.m in Sources */,
			);
			runOnlyForDeploymentPostprocessing = 0;
		};
/* End PBXSourcesBuildPhase section */

/* Begin PBXTargetDependency section */
		4279B5C918B217A300051796 /* PBXTargetDependency */ = {
			isa = PBXTargetDependency;
			target = 4279B59E18B217A300051796 /* LAttegotchi */;
			targetProxy = 4279B5C818B217A300051796 /* PBXContainerItemProxy */;
		};
/* End PBXTargetDependency section */

/* Begin PBXVariantGroup section */
		4279B5AB18B217A300051796 /* InfoPlist.strings */ = {
			isa = PBXVariantGroup;
			children = (
				4279B5AC18B217A300051796 /* en */,
			);
			name = InfoPlist.strings;
			sourceTree = "<group>";
		};
		4279B5B418B217A300051796 /* Main_iPhone.storyboard */ = {
			isa = PBXVariantGroup;
			children = (
				4279B5B518B217A300051796 /* Base */,
			);
			name = Main_iPhone.storyboard;
			sourceTree = "<group>";
		};
		4279B5B718B217A300051796 /* Main_iPad.storyboard */ = {
			isa = PBXVariantGroup;
			children = (
				4279B5B818B217A300051796 /* Base */,
			);
			name = Main_iPad.storyboard;
			sourceTree = "<group>";
		};
		4279B5CD18B217A300051796 /* InfoPlist.strings */ = {
			isa = PBXVariantGroup;
			children = (
				4279B5CE18B217A300051796 /* en */,
			);
			name = InfoPlist.strings;
			sourceTree = "<group>";
		};
/* End PBXVariantGroup section */

/* Begin XCBuildConfiguration section */
		4279B5D218B217A300051796 /* Debug */ = {
			isa = XCBuildConfiguration;
			buildSettings = {
				ALWAYS_SEARCH_USER_PATHS = NO;
				ARCHS = "$(ARCHS_STANDARD_INCLUDING_64_BIT)";
				CLANG_CXX_LANGUAGE_STANDARD = "gnu++0x";
				CLANG_CXX_LIBRARY = "libc++";
				CLANG_ENABLE_MODULES = YES;
				CLANG_ENABLE_OBJC_ARC = YES;
				CLANG_WARN_BOOL_CONVERSION = YES;
				CLANG_WARN_CONSTANT_CONVERSION = YES;
				CLANG_WARN_DIRECT_OBJC_ISA_USAGE = YES_ERROR;
				CLANG_WARN_EMPTY_BODY = YES;
				CLANG_WARN_ENUM_CONVERSION = YES;
				CLANG_WARN_INT_CONVERSION = YES;
				CLANG_WARN_OBJC_ROOT_CLASS = YES_ERROR;
				CLANG_WARN__DUPLICATE_METHOD_MATCH = YES;
				"CODE_SIGN_IDENTITY[sdk=iphoneos*]" = "iPhone Developer";
				COPY_PHASE_STRIP = NO;
				GCC_C_LANGUAGE_STANDARD = gnu99;
				GCC_DYNAMIC_NO_PIC = NO;
				GCC_OPTIMIZATION_LEVEL = 0;
				GCC_PREPROCESSOR_DEFINITIONS = (
					"DEBUG=1",
					"$(inherited)",
				);
				GCC_SYMBOLS_PRIVATE_EXTERN = NO;
				GCC_WARN_64_TO_32_BIT_CONVERSION = YES;
				GCC_WARN_ABOUT_RETURN_TYPE = YES_ERROR;
				GCC_WARN_UNDECLARED_SELECTOR = YES;
				GCC_WARN_UNINITIALIZED_AUTOS = YES;
				GCC_WARN_UNUSED_FUNCTION = YES;
				GCC_WARN_UNUSED_VARIABLE = YES;
				IPHONEOS_DEPLOYMENT_TARGET = 7.0;
				ONLY_ACTIVE_ARCH = YES;
				SDKROOT = iphoneos;
				TARGETED_DEVICE_FAMILY = "1,2";
			};
			name = Debug;
		};
		4279B5D318B217A300051796 /* Release */ = {
			isa = XCBuildConfiguration;
			buildSettings = {
				ALWAYS_SEARCH_USER_PATHS = NO;
				ARCHS = "$(ARCHS_STANDARD_INCLUDING_64_BIT)";
				CLANG_CXX_LANGUAGE_STANDARD = "gnu++0x";
				CLANG_CXX_LIBRARY = "libc++";
				CLANG_ENABLE_MODULES = YES;
				CLANG_ENABLE_OBJC_ARC = YES;
				CLANG_WARN_BOOL_CONVERSION = YES;
				CLANG_WARN_CONSTANT_CONVERSION = YES;
				CLANG_WARN_DIRECT_OBJC_ISA_USAGE = YES_ERROR;
				CLANG_WARN_EMPTY_BODY = YES;
				CLANG_WARN_ENUM_CONVERSION = YES;
				CLANG_WARN_INT_CONVERSION = YES;
				CLANG_WARN_OBJC_ROOT_CLASS = YES_ERROR;
				CLANG_WARN__DUPLICATE_METHOD_MATCH = YES;
				"CODE_SIGN_IDENTITY[sdk=iphoneos*]" = "iPhone Developer";
				COPY_PHASE_STRIP = YES;
				ENABLE_NS_ASSERTIONS = NO;
				GCC_C_LANGUAGE_STANDARD = gnu99;
				GCC_WARN_64_TO_32_BIT_CONVERSION = YES;
				GCC_WARN_ABOUT_RETURN_TYPE = YES_ERROR;
				GCC_WARN_UNDECLARED_SELECTOR = YES;
				GCC_WARN_UNINITIALIZED_AUTOS = YES;
				GCC_WARN_UNUSED_FUNCTION = YES;
				GCC_WARN_UNUSED_VARIABLE = YES;
				IPHONEOS_DEPLOYMENT_TARGET = 7.0;
				SDKROOT = iphoneos;
				TARGETED_DEVICE_FAMILY = "1,2";
				VALIDATE_PRODUCT = YES;
			};
			name = Release;
		};
		4279B5D518B217A300051796 /* Debug */ = {
			isa = XCBuildConfiguration;
			buildSettings = {
				ASSETCATALOG_COMPILER_APPICON_NAME = AppIcon;
				ASSETCATALOG_COMPILER_LAUNCHIMAGE_NAME = LaunchImage;
				CODE_SIGN_IDENTITY = "iPhone Developer";
				GCC_PRECOMPILE_PREFIX_HEADER = YES;
				GCC_PREFIX_HEADER = "LAttegotchi/LAttegotchi-Prefix.pch";
				INFOPLIST_FILE = "LAttegotchi/LAttegotchi-Info.plist";
				PRODUCT_NAME = "$(TARGET_NAME)";
				TARGETED_DEVICE_FAMILY = 1;
				WRAPPER_EXTENSION = app;
			};
			name = Debug;
		};
		4279B5D618B217A300051796 /* Release */ = {
			isa = XCBuildConfiguration;
			buildSettings = {
				ASSETCATALOG_COMPILER_APPICON_NAME = AppIcon;
				ASSETCATALOG_COMPILER_LAUNCHIMAGE_NAME = LaunchImage;
				CODE_SIGN_IDENTITY = "iPhone Developer";
				GCC_PRECOMPILE_PREFIX_HEADER = YES;
				GCC_PREFIX_HEADER = "LAttegotchi/LAttegotchi-Prefix.pch";
				INFOPLIST_FILE = "LAttegotchi/LAttegotchi-Info.plist";
				PRODUCT_NAME = "$(TARGET_NAME)";
				TARGETED_DEVICE_FAMILY = 1;
				WRAPPER_EXTENSION = app;
			};
			name = Release;
		};
		4279B5D818B217A300051796 /* Debug */ = {
			isa = XCBuildConfiguration;
			buildSettings = {
				ARCHS = "$(ARCHS_STANDARD_INCLUDING_64_BIT)";
				BUNDLE_LOADER = "$(BUILT_PRODUCTS_DIR)/LAttegotchi.app/LAttegotchi";
				FRAMEWORK_SEARCH_PATHS = (
					"$(SDKROOT)/Developer/Library/Frameworks",
					"$(inherited)",
					"$(DEVELOPER_FRAMEWORKS_DIR)",
				);
				GCC_PRECOMPILE_PREFIX_HEADER = YES;
				GCC_PREFIX_HEADER = "LAttegotchi/LAttegotchi-Prefix.pch";
				GCC_PREPROCESSOR_DEFINITIONS = (
					"DEBUG=1",
					"$(inherited)",
				);
				INFOPLIST_FILE = "LAttegotchiTests/LAttegotchiTests-Info.plist";
				PRODUCT_NAME = "$(TARGET_NAME)";
				TEST_HOST = "$(BUNDLE_LOADER)";
				WRAPPER_EXTENSION = xctest;
			};
			name = Debug;
		};
		4279B5D918B217A300051796 /* Release */ = {
			isa = XCBuildConfiguration;
			buildSettings = {
				ARCHS = "$(ARCHS_STANDARD_INCLUDING_64_BIT)";
				BUNDLE_LOADER = "$(BUILT_PRODUCTS_DIR)/LAttegotchi.app/LAttegotchi";
				FRAMEWORK_SEARCH_PATHS = (
					"$(SDKROOT)/Developer/Library/Frameworks",
					"$(inherited)",
					"$(DEVELOPER_FRAMEWORKS_DIR)",
				);
				GCC_PRECOMPILE_PREFIX_HEADER = YES;
				GCC_PREFIX_HEADER = "LAttegotchi/LAttegotchi-Prefix.pch";
				INFOPLIST_FILE = "LAttegotchiTests/LAttegotchiTests-Info.plist";
				PRODUCT_NAME = "$(TARGET_NAME)";
				TEST_HOST = "$(BUNDLE_LOADER)";
				WRAPPER_EXTENSION = xctest;
			};
			name = Release;
		};
/* End XCBuildConfiguration section */

/* Begin XCConfigurationList section */
		4279B59A18B217A300051796 /* Build configuration list for PBXProject "LAttegotchi" */ = {
			isa = XCConfigurationList;
			buildConfigurations = (
				4279B5D218B217A300051796 /* Debug */,
				4279B5D318B217A300051796 /* Release */,
			);
			defaultConfigurationIsVisible = 0;
			defaultConfigurationName = Release;
		};
		4279B5D418B217A300051796 /* Build configuration list for PBXNativeTarget "LAttegotchi" */ = {
			isa = XCConfigurationList;
			buildConfigurations = (
				4279B5D518B217A300051796 /* Debug */,
				4279B5D618B217A300051796 /* Release */,
			);
			defaultConfigurationIsVisible = 0;
			defaultConfigurationName = Release;
		};
		4279B5D718B217A300051796 /* Build configuration list for PBXNativeTarget "LAttegotchiTests" */ = {
			isa = XCConfigurationList;
			buildConfigurations = (
				4279B5D818B217A300051796 /* Debug */,
				4279B5D918B217A300051796 /* Release */,
			);
			defaultConfigurationIsVisible = 0;
			defaultConfigurationName = Release;
		};
/* End XCConfigurationList section */
	};
	rootObject = 4279B59718B217A300051796 /* Project object */;
}
